// !$*UTF8*$!
{
	archiveVersion = 1;
	classes = {
	};
	objectVersion = 46;
	objects = {

/* Begin PBXBuildFile section */
		F962D6E51D30741B006DC4D9 /* AppDelegate.swift in Sources */ = {isa = PBXBuildFile; fileRef = F962D6E41D30741B006DC4D9 /* AppDelegate.swift */; };
		F962D6E71D30741B006DC4D9 /* ViewController.swift in Sources */ = {isa = PBXBuildFile; fileRef = F962D6E61D30741B006DC4D9 /* ViewController.swift */; };
		F962D6EA1D30741B006DC4D9 /* Main.storyboard in Resources */ = {isa = PBXBuildFile; fileRef = F962D6E81D30741B006DC4D9 /* Main.storyboard */; };
		F962D6EC1D30741B006DC4D9 /* Assets.xcassets in Resources */ = {isa = PBXBuildFile; fileRef = F962D6EB1D30741B006DC4D9 /* Assets.xcassets */; };
		F962D6EF1D30741B006DC4D9 /* LaunchScreen.storyboard in Resources */ = {isa = PBXBuildFile; fileRef = F962D6ED1D30741B006DC4D9 /* LaunchScreen.storyboard */; };
/* End PBXBuildFile section */

/* Begin PBXFileReference section */
		F962D6E11D30741B006DC4D9 /* coin-flip-guesser.app */ = {isa = PBXFileReference; explicitFileType = wrapper.application; includeInIndex = 0; path = "coin-flip-guesser.app"; sourceTree = BUILT_PRODUCTS_DIR; };
		F962D6E41D30741B006DC4D9 /* AppDelegate.swift */ = {isa = PBXFileReference; lastKnownFileType = sourcecode.swift; path = AppDelegate.swift; sourceTree = "<group>"; };
		F962D6E61D30741B006DC4D9 /* ViewController.swift */ = {isa = PBXFileReference; lastKnownFileType = sourcecode.swift; path = ViewController.swift; sourceTree = "<group>"; };
		F962D6E91D30741B006DC4D9 /* Base */ = {isa = PBXFileReference; lastKnownFileType = file.storyboard; name = Base; path = Base.lproj/Main.storyboard; sourceTree = "<group>"; };
		F962D6EB1D30741B006DC4D9 /* Assets.xcassets */ = {isa = PBXFileReference; lastKnownFileType = folder.assetcatalog; path = Assets.xcassets; sourceTree = "<group>"; };
		F962D6EE1D30741B006DC4D9 /* Base */ = {isa = PBXFileReference; lastKnownFileType = file.storyboard; name = Base; path = Base.lproj/LaunchScreen.storyboard; sourceTree = "<group>"; };
		F962D6F01D30741B006DC4D9 /* Info.plist */ = {isa = PBXFileReference; lastKnownFileType = text.plist.xml; path = Info.plist; sourceTree = "<group>"; };
/* End PBXFileReference section */

/* Begin PBXFrameworksBuildPhase section */
		F962D6DE1D30741B006DC4D9 /* Frameworks */ = {
			isa = PBXFrameworksBuildPhase;
			buildActionMask = 2147483647;
			files = (
			);
			runOnlyForDeploymentPostprocessing = 0;
		};
/* End PBXFrameworksBuildPhase section */

/* Begin PBXGroup section */
		F962D6D81D30741B006DC4D9 = {
			isa = PBXGroup;
			children = (
				F962D6E31D30741B006DC4D9 /* coin-flip-guesser */,
				F962D6E21D30741B006DC4D9 /* Products */,
			);
			sourceTree = "<group>";
		};
		F962D6E21D30741B006DC4D9 /* Products */ = {
			isa = PBXGroup;
			children = (
				F962D6E11D30741B006DC4D9 /* coin-flip-guesser.app */,
			);
			name = Products;
			sourceTree = "<group>";
		};
		F962D6E31D30741B006DC4D9 /* coin-flip-guesser */ = {
			isa = PBXGroup;
			children = (
				F962D6E41D30741B006DC4D9 /* AppDelegate.swift */,
				F962D6E61D30741B006DC4D9 /* ViewController.swift */,
				F962D6E81D30741B006DC4D9 /* Main.storyboard */,
				F962D6EB1D30741B006DC4D9 /* Assets.xcassets */,
				F962D6ED1D30741B006DC4D9 /* LaunchScreen.storyboard */,
				F962D6F01D30741B006DC4D9 /* Info.plist */,
			);
			path = "coin-flip-guesser";
			sourceTree = "<group>";
		};
/* End PBXGroup section */

/* Begin PBXNativeTarget section */
		F962D6E01D30741B006DC4D9 /* coin-flip-guesser */ = {
			isa = PBXNativeTarget;
			buildConfigurationList = F962D6F31D30741B006DC4D9 /* Build configuration list for PBXNativeTarget "coin-flip-guesser" */;
			buildPhases = (
				F962D6DD1D30741B006DC4D9 /* Sources */,
				F962D6DE1D30741B006DC4D9 /* Frameworks */,
				F962D6DF1D30741B006DC4D9 /* Resources */,
			);
			buildRules = (
			);
			dependencies = (
			);
			name = "coin-flip-guesser";
			productName = "coin-flip-guesser";
			productReference = F962D6E11D30741B006DC4D9 /* coin-flip-guesser.app */;
			productType = "com.apple.product-type.application";
		};
/* End PBXNativeTarget section */

/* Begin PBXProject section */
		F962D6D91D30741B006DC4D9 /* Project object */ = {
			isa = PBXProject;
			attributes = {
				LastSwiftUpdateCheck = 0730;
				LastUpgradeCheck = 0730;
				ORGANIZATIONNAME = "Adam Goth";
				TargetAttributes = {
					F962D6E01D30741B006DC4D9 = {
						CreatedOnToolsVersion = 7.3.1;
					};
				};
			};
			buildConfigurationList = F962D6DC1D30741B006DC4D9 /* Build configuration list for PBXProject "coin-flip-guesser" */;
			compatibilityVersion = "Xcode 3.2";
			developmentRegion = English;
			hasScannedForEncodings = 0;
			knownRegions = (
				en,
				Base,
			);
			mainGroup = F962D6D81D30741B006DC4D9;
			productRefGroup = F962D6E21D30741B006DC4D9 /* Products */;
			projectDirPath = "";
			projectRoot = "";
			targets = (
				F962D6E01D30741B006DC4D9 /* coin-flip-guesser */,
			);
		};
/* End PBXProject section */

/* Begin PBXResourcesBuildPhase section */
		F962D6DF1D30741B006DC4D9 /* Resources */ = {
			isa = PBXResourcesBuildPhase;
			buildActionMask = 2147483647;
			files = (
				F962D6EF1D30741B006DC4D9 /* LaunchScreen.storyboard in Resources */,
				F962D6EC1D30741B006DC4D9 /* Assets.xcassets in Resources */,
				F962D6EA1D30741B006DC4D9 /* Main.storyboard in Resources */,
			);
			runOnlyForDeploymentPostprocessing = 0;
		};
/* End PBXResourcesBuildPhase section */

/* Begin PBXSourcesBuildPhase section */
		F962D6DD1D30741B006DC4D9 /* Sources */ = {
			isa = PBXSourcesBuildPhase;
			buildActionMask = 2147483647;
			files = (
				F962D6E71D30741B006DC4D9 /* ViewController.swift in Sources */,
				F962D6E51D30741B006DC4D9 /* AppDelegate.swift in Sources */,
			);
			runOnlyForDeploymentPostprocessing = 0;
		};
/* End PBXSourcesBuildPhase section */

/* Begin PBXVariantGroup section */
		F962D6E81D30741B006DC4D9 /* Main.storyboard */ = {
			isa = PBXVariantGroup;
			children = (
				F962D6E91D30741B006DC4D9 /* Base */,
			);
			name = Main.storyboard;
			sourceTree = "<group>";
		};
		F962D6ED1D30741B006DC4D9 /* LaunchScreen.storyboard */ = {
			isa = PBXVariantGroup;
			children = (
				F962D6EE1D30741B006DC4D9 /* Base */,
			);
			name = LaunchScreen.storyboard;
			sourceTree = "<group>";
		};
/* End PBXVariantGroup section */

/* Begin XCBuildConfiguration section */
		F962D6F11D30741B006DC4D9 /* Debug */ = {
			isa = XCBuildConfiguration;
			buildSettings = {
				ALWAYS_SEARCH_USER_PATHS = NO;
				CLANG_ANALYZER_NONNULL = YES;
				CLANG_CXX_LANGUAGE_STANDARD = "gnu++0x";
				CLANG_CXX_LIBRARY = "libc++";
				CLANG_ENABLE_MODULES = YES;
				CLANG_ENABLE_OBJC_ARC = YES;
				CLANG_WARN_BOOL_CONVERSION = YES;
				CLANG_WARN_CONSTANT_CONVERSION = YES;
				CLANG_WARN_DIRECT_OBJC_ISA_USAGE = YES_ERROR;
				CLANG_WARN_EMPTY_BODY = YES;
				CLANG_WARN_ENUM_CONVERSION = YES;
				CLANG_WARN_INT_CONVERSION = YES;
				CLANG_WARN_OBJC_ROOT_CLASS = YES_ERROR;
				CLANG_WARN_UNREACHABLE_CODE = YES;
				CLANG_WARN__DUPLICATE_METHOD_MATCH = YES;
				"CODE_SIGN_IDENTITY[sdk=iphoneos*]" = "iPhone Developer";
				COPY_PHASE_STRIP = NO;
				DEBUG_INFORMATION_FORMAT = dwarf;
				ENABLE_STRICT_OBJC_MSGSEND = YES;
				ENABLE_TESTABILITY = YES;
				GCC_C_LANGUAGE_STANDARD = gnu99;
				GCC_DYNAMIC_NO_PIC = NO;
				GCC_NO_COMMON_BLOCKS = YES;
				GCC_OPTIMIZATION_LEVEL = 0;
				GCC_PREPROCESSOR_DEFINITIONS = (
					"DEBUG=1",
					"$(inherited)",
				);
				GCC_WARN_64_TO_32_BIT_CONVERSION = YES;
				GCC_WARN_ABOUT_RETURN_TYPE = YES_ERROR;
				GCC_WARN_UNDECLARED_SELECTOR = YES;
				GCC_WARN_UNINITIALIZED_AUTOS = YES_AGGRESSIVE;
				GCC_WARN_UNUSED_FUNCTION = YES;
				GCC_WARN_UNUSED_VARIABLE = YES;
				IPHONEOS_DEPLOYMENT_TARGET = 9.3;
				MTL_ENABLE_DEBUG_INFO = YES;
				ONLY_ACTIVE_ARCH = YES;
				SDKROOT = iphoneos;
				SWIFT_OPTIMIZATION_LEVEL = "-Onone";
				TARGETED_DEVICE_FAMILY = "1,2";
			};
			name = Debug;
		};
		F962D6F21D30741B006DC4D9 /* Release */ = {
			isa = XCBuildConfiguration;
			buildSettings = {
				ALWAYS_SEARCH_USER_PATHS = NO;
				CLANG_ANALYZER_NONNULL = YES;
				CLANG_CXX_LANGUAGE_STANDARD = "gnu++0x";
				CLANG_CXX_LIBRARY = "libc++";
				CLANG_ENABLE_MODULES = YES;
				CLANG_ENABLE_OBJC_ARC = YES;
				CLANG_WARN_BOOL_CONVERSION = YES;
				CLANG_WARN_CONSTANT_CONVERSION = YES;
				CLANG_WARN_DIRECT_OBJC_ISA_USAGE = YES_ERROR;
				CLANG_WARN_EMPTY_BODY = YES;
				CLANG_WARN_ENUM_CONVERSION = YES;
				CLANG_WARN_INT_CONVERSION = YES;
				CLANG_WARN_OBJC_ROOT_CLASS = YES_ERROR;
				CLANG_WARN_UNREACHABLE_CODE = YES;
				CLANG_WARN__DUPLICATE_METHOD_MATCH = YES;
				"CODE_SIGN_IDENTITY[sdk=iphoneos*]" = "iPhone Developer";
				COPY_PHASE_STRIP = NO;
				DEBUG_INFORMATION_FORMAT = "dwarf-with-dsym";
				ENABLE_NS_ASSERTIONS = NO;
				ENABLE_STRICT_OBJC_MSGSEND = YES;
				GCC_C_LANGUAGE_STANDARD = gnu99;
				GCC_NO_COMMON_BLOCKS = YES;
				GCC_WARN_64_TO_32_BIT_CONVERSION = YES;
				GCC_WARN_ABOUT_RETURN_TYPE = YES_ERROR;
				GCC_WARN_UNDECLARED_SELECTOR = YES;
				GCC_WARN_UNINITIALIZED_AUTOS = YES_AGGRESSIVE;
				GCC_WARN_UNUSED_FUNCTION = YES;
				GCC_WARN_UNUSED_VARIABLE = YES;
				IPHONEOS_DEPLOYMENT_TARGET = 9.3;
				MTL_ENABLE_DEBUG_INFO = NO;
				SDKROOT = iphoneos;
				TARGETED_DEVICE_FAMILY = "1,2";
				VALIDATE_PRODUCT = YES;
			};
			name = Release;
		};
		F962D6F41D30741B006DC4D9 /* Debug */ = {
			isa = XCBuildConfiguration;
			buildSettings = {
				ASSETCATALOG_COMPILER_APPICON_NAME = AppIcon;
				INFOPLIST_FILE = "coin-flip-guesser/Info.plist";
				LD_RUNPATH_SEARCH_PATHS = "$(inherited) @executable_path/Frameworks";
				PRODUCT_BUNDLE_IDENTIFIER = "com.adamgoth.coin-flip-guesser";
				PRODUCT_NAME = "$(TARGET_NAME)";
			};
			name = Debug;
		};
		F962D6F51D30741B006DC4D9 /* Release */ = {
			isa = XCBuildConfiguration;
			buildSettings = {
				ASSETCATALOG_COMPILER_APPICON_NAME = AppIcon;
				INFOPLIST_FILE = "coin-flip-guesser/Info.plist";
				LD_RUNPATH_SEARCH_PATHS = "$(inherited) @executable_path/Frameworks";
				PRODUCT_BUNDLE_IDENTIFIER = "com.adamgoth.coin-flip-guesser";
				PRODUCT_NAME = "$(TARGET_NAME)";
			};
			name = Release;
		};
/* End XCBuildConfiguration section */

/* Begin XCConfigurationList section */
		F962D6DC1D30741B006DC4D9 /* Build configuration list for PBXProject "coin-flip-guesser" */ = {
			isa = XCConfigurationList;
			buildConfigurations = (
				F962D6F11D30741B006DC4D9 /* Debug */,
				F962D6F21D30741B006DC4D9 /* Release */,
			);
			defaultConfigurationIsVisible = 0;
			defaultConfigurationName = Release;
		};
		F962D6F31D30741B006DC4D9 /* Build configuration list for PBXNativeTarget "coin-flip-guesser" */ = {
			isa = XCConfigurationList;
			buildConfigurations = (
				F962D6F41D30741B006DC4D9 /* Debug */,
				F962D6F51D30741B006DC4D9 /* Release */,
			);
			defaultConfigurationIsVisible = 0;
		};
/* End XCConfigurationList section */
	};
	rootObject = F962D6D91D30741B006DC4D9 /* Project object */;
}
